<Solution>
  <Folder Name="/dotnet/">
    <Project Path="dotnet/Nsdms.Application/Nsdms.Application.csproj" />
    <Project Path="dotnet/Nsdms.Domain/Nsdms.Domain.csproj" />
    <Project Path="dotnet/Nsdms.Infrastructure/Nsdms.Infrastructure.csproj" />
    <Project Path="dotnet/Nsdms.LoadTester/Nsdms.LoadTester.csproj" />
    <Project Path="dotnet/Nsdms.Tests/Nsdms.Tests.csproj" />
    <Project Path="dotnet/Nsdms.Web/Nsdms.Web.csproj" />
  </Folder>
</Solution>
